// !$*UTF8*$!
{
	archiveVersion = 1;
	classes = {
	};
	objectVersion = 50;
	objects = {

/* Begin PBXBuildFile section */
		43E42F0025C03D5000978621 /* AppDelegate.swift in Sources */ = {isa = PBXBuildFile; fileRef = 43E42EFF25C03D5000978621 /* AppDelegate.swift */; };
		43E42F0225C03D5000978621 /* SceneDelegate.swift in Sources */ = {isa = PBXBuildFile; fileRef = 43E42F0125C03D5000978621 /* SceneDelegate.swift */; };
		43E42F0425C03D5000978621 /* ViewController.swift in Sources */ = {isa = PBXBuildFile; fileRef = 43E42F0325C03D5000978621 /* ViewController.swift */; };
		43E42F0725C03D5000978621 /* Main.storyboard in Resources */ = {isa = PBXBuildFile; fileRef = 43E42F0525C03D5000978621 /* Main.storyboard */; };
		43E42F0925C03D5100978621 /* Assets.xcassets in Resources */ = {isa = PBXBuildFile; fileRef = 43E42F0825C03D5100978621 /* Assets.xcassets */; };
		43E42F0C25C03D5100978621 /* LaunchScreen.storyboard in Resources */ = {isa = PBXBuildFile; fileRef = 43E42F0A25C03D5100978621 /* LaunchScreen.storyboard */; };
		43E42F1825C050D500978621 /* Exchange.swift in Sources */ = {isa = PBXBuildFile; fileRef = 43E42F1725C050D500978621 /* Exchange.swift */; };
		43E42F1B25C0515500978621 /* CalculateBrain.swift in Sources */ = {isa = PBXBuildFile; fileRef = 43E42F1A25C0515500978621 /* CalculateBrain.swift */; };
		43E42F1E25C0548800978621 /* ResultViewController.swift in Sources */ = {isa = PBXBuildFile; fileRef = 43E42F1D25C0548800978621 /* ResultViewController.swift */; };
/* End PBXBuildFile section */

/* Begin PBXFileReference section */
		43E42EFC25C03D5000978621 /* Exchange.app */ = {isa = PBXFileReference; explicitFileType = wrapper.application; includeInIndex = 0; path = Exchange.app; sourceTree = BUILT_PRODUCTS_DIR; };
		43E42EFF25C03D5000978621 /* AppDelegate.swift */ = {isa = PBXFileReference; lastKnownFileType = sourcecode.swift; path = AppDelegate.swift; sourceTree = "<group>"; };
		43E42F0125C03D5000978621 /* SceneDelegate.swift */ = {isa = PBXFileReference; lastKnownFileType = sourcecode.swift; path = SceneDelegate.swift; sourceTree = "<group>"; };
		43E42F0325C03D5000978621 /* ViewController.swift */ = {isa = PBXFileReference; lastKnownFileType = sourcecode.swift; path = ViewController.swift; sourceTree = "<group>"; };
		43E42F0625C03D5000978621 /* Base */ = {isa = PBXFileReference; lastKnownFileType = file.storyboard; name = Base; path = Base.lproj/Main.storyboard; sourceTree = "<group>"; };
		43E42F0825C03D5100978621 /* Assets.xcassets */ = {isa = PBXFileReference; lastKnownFileType = folder.assetcatalog; path = Assets.xcassets; sourceTree = "<group>"; };
		43E42F0B25C03D5100978621 /* Base */ = {isa = PBXFileReference; lastKnownFileType = file.storyboard; name = Base; path = Base.lproj/LaunchScreen.storyboard; sourceTree = "<group>"; };
		43E42F0D25C03D5100978621 /* Info.plist */ = {isa = PBXFileReference; lastKnownFileType = text.plist.xml; path = Info.plist; sourceTree = "<group>"; };
		43E42F1725C050D500978621 /* Exchange.swift */ = {isa = PBXFileReference; lastKnownFileType = sourcecode.swift; path = Exchange.swift; sourceTree = "<group>"; };
		43E42F1A25C0515500978621 /* CalculateBrain.swift */ = {isa = PBXFileReference; lastKnownFileType = sourcecode.swift; path = CalculateBrain.swift; sourceTree = "<group>"; };
		43E42F1D25C0548800978621 /* ResultViewController.swift */ = {isa = PBXFileReference; lastKnownFileType = sourcecode.swift; path = ResultViewController.swift; sourceTree = "<group>"; };
/* End PBXFileReference section */

/* Begin PBXFrameworksBuildPhase section */
		43E42EF925C03D5000978621 /* Frameworks */ = {
			isa = PBXFrameworksBuildPhase;
			buildActionMask = 2147483647;
			files = (
			);
			runOnlyForDeploymentPostprocessing = 0;
		};
/* End PBXFrameworksBuildPhase section */

/* Begin PBXGroup section */
		43E42EF325C03D5000978621 = {
			isa = PBXGroup;
			children = (
				43E42EFE25C03D5000978621 /* Exchange */,
				43E42EFD25C03D5000978621 /* Products */,
			);
			sourceTree = "<group>";
		};
		43E42EFD25C03D5000978621 /* Products */ = {
			isa = PBXGroup;
			children = (
				43E42EFC25C03D5000978621 /* Exchange.app */,
			);
			name = Products;
			sourceTree = "<group>";
		};
		43E42EFE25C03D5000978621 /* Exchange */ = {
			isa = PBXGroup;
			children = (
				43E42EFF25C03D5000978621 /* AppDelegate.swift */,
				43E42F0125C03D5000978621 /* SceneDelegate.swift */,
				43E42F1625C050AD00978621 /* Model */,
				43E42F1525C0509D00978621 /* View */,
				43E42F1425C0509300978621 /* Controller */,
				43E42F0825C03D5100978621 /* Assets.xcassets */,
				43E42F0A25C03D5100978621 /* LaunchScreen.storyboard */,
				43E42F0D25C03D5100978621 /* Info.plist */,
			);
			path = Exchange;
			sourceTree = "<group>";
		};
		43E42F1425C0509300978621 /* Controller */ = {
			isa = PBXGroup;
			children = (
				43E42F0325C03D5000978621 /* ViewController.swift */,
				43E42F1D25C0548800978621 /* ResultViewController.swift */,
			);
			path = Controller;
			sourceTree = "<group>";
		};
		43E42F1525C0509D00978621 /* View */ = {
			isa = PBXGroup;
			children = (
				43E42F0525C03D5000978621 /* Main.storyboard */,
			);
			path = View;
			sourceTree = "<group>";
		};
		43E42F1625C050AD00978621 /* Model */ = {
			isa = PBXGroup;
			children = (
				43E42F1725C050D500978621 /* Exchange.swift */,
				43E42F1A25C0515500978621 /* CalculateBrain.swift */,
			);
			path = Model;
			sourceTree = "<group>";
		};
/* End PBXGroup section */

/* Begin PBXNativeTarget section */
		43E42EFB25C03D5000978621 /* Exchange */ = {
			isa = PBXNativeTarget;
			buildConfigurationList = 43E42F1025C03D5100978621 /* Build configuration list for PBXNativeTarget "Exchange" */;
			buildPhases = (
				43E42EF825C03D5000978621 /* Sources */,
				43E42EF925C03D5000978621 /* Frameworks */,
				43E42EFA25C03D5000978621 /* Resources */,
			);
			buildRules = (
			);
			dependencies = (
			);
			name = Exchange;
			productName = Exchange;
			productReference = 43E42EFC25C03D5000978621 /* Exchange.app */;
			productType = "com.apple.product-type.application";
		};
/* End PBXNativeTarget section */

/* Begin PBXProject section */
		43E42EF425C03D5000978621 /* Project object */ = {
			isa = PBXProject;
			attributes = {
				LastSwiftUpdateCheck = 1230;
				LastUpgradeCheck = 1230;
				TargetAttributes = {
					43E42EFB25C03D5000978621 = {
						CreatedOnToolsVersion = 12.3;
					};
				};
			};
			buildConfigurationList = 43E42EF725C03D5000978621 /* Build configuration list for PBXProject "Exchange" */;
			compatibilityVersion = "Xcode 9.3";
			developmentRegion = en;
			hasScannedForEncodings = 0;
			knownRegions = (
				en,
				Base,
			);
			mainGroup = 43E42EF325C03D5000978621;
			productRefGroup = 43E42EFD25C03D5000978621 /* Products */;
			projectDirPath = "";
			projectRoot = "";
			targets = (
				43E42EFB25C03D5000978621 /* Exchange */,
			);
		};
/* End PBXProject section */

/* Begin PBXResourcesBuildPhase section */
		43E42EFA25C03D5000978621 /* Resources */ = {
			isa = PBXResourcesBuildPhase;
			buildActionMask = 2147483647;
			files = (
				43E42F0C25C03D5100978621 /* LaunchScreen.storyboard in Resources */,
				43E42F0925C03D5100978621 /* Assets.xcassets in Resources */,
				43E42F0725C03D5000978621 /* Main.storyboard in Resources */,
			);
			runOnlyForDeploymentPostprocessing = 0;
		};
/* End PBXResourcesBuildPhase section */

/* Begin PBXSourcesBuildPhase section */
		43E42EF825C03D5000978621 /* Sources */ = {
			isa = PBXSourcesBuildPhase;
			buildActionMask = 2147483647;
			files = (
				43E42F1825C050D500978621 /* Exchange.swift in Sources */,
				43E42F0425C03D5000978621 /* ViewController.swift in Sources */,
				43E42F0025C03D5000978621 /* AppDelegate.swift in Sources */,
				43E42F0225C03D5000978621 /* SceneDelegate.swift in Sources */,
				43E42F1B25C0515500978621 /* CalculateBrain.swift in Sources */,
				43E42F1E25C0548800978621 /* ResultViewController.swift in Sources */,
			);
			runOnlyForDeploymentPostprocessing = 0;
		};
/* End PBXSourcesBuildPhase section */

/* Begin PBXVariantGroup section */
		43E42F0525C03D5000978621 /* Main.storyboard */ = {
			isa = PBXVariantGroup;
			children = (
				43E42F0625C03D5000978621 /* Base */,
			);
			name = Main.storyboard;
			sourceTree = "<group>";
		};
		43E42F0A25C03D5100978621 /* LaunchScreen.storyboard */ = {
			isa = PBXVariantGroup;
			children = (
				43E42F0B25C03D5100978621 /* Base */,
			);
			name = LaunchScreen.storyboard;
			sourceTree = "<group>";
		};
/* End PBXVariantGroup section */

/* Begin XCBuildConfiguration section */
		43E42F0E25C03D5100978621 /* Debug */ = {
			isa = XCBuildConfiguration;
			buildSettings = {
				ALWAYS_SEARCH_USER_PATHS = NO;
				CLANG_ANALYZER_NONNULL = YES;
				CLANG_ANALYZER_NUMBER_OBJECT_CONVERSION = YES_AGGRESSIVE;
				CLANG_CXX_LANGUAGE_STANDARD = "gnu++14";
				CLANG_CXX_LIBRARY = "libc++";
				CLANG_ENABLE_MODULES = YES;
				CLANG_ENABLE_OBJC_ARC = YES;
				CLANG_ENABLE_OBJC_WEAK = YES;
				CLANG_WARN_BLOCK_CAPTURE_AUTORELEASING = YES;
				CLANG_WARN_BOOL_CONVERSION = YES;
				CLANG_WARN_COMMA = YES;
				CLANG_WARN_CONSTANT_CONVERSION = YES;
				CLANG_WARN_DEPRECATED_OBJC_IMPLEMENTATIONS = YES;
				CLANG_WARN_DIRECT_OBJC_ISA_USAGE = YES_ERROR;
				CLANG_WARN_DOCUMENTATION_COMMENTS = YES;
				CLANG_WARN_EMPTY_BODY = YES;
				CLANG_WARN_ENUM_CONVERSION = YES;
				CLANG_WARN_INFINITE_RECURSION = YES;
				CLANG_WARN_INT_CONVERSION = YES;
				CLANG_WARN_NON_LITERAL_NULL_CONVERSION = YES;
				CLANG_WARN_OBJC_IMPLICIT_RETAIN_SELF = YES;
				CLANG_WARN_OBJC_LITERAL_CONVERSION = YES;
				CLANG_WARN_OBJC_ROOT_CLASS = YES_ERROR;
				CLANG_WARN_QUOTED_INCLUDE_IN_FRAMEWORK_HEADER = YES;
				CLANG_WARN_RANGE_LOOP_ANALYSIS = YES;
				CLANG_WARN_STRICT_PROTOTYPES = YES;
				CLANG_WARN_SUSPICIOUS_MOVE = YES;
				CLANG_WARN_UNGUARDED_AVAILABILITY = YES_AGGRESSIVE;
				CLANG_WARN_UNREACHABLE_CODE = YES;
				CLANG_WARN__DUPLICATE_METHOD_MATCH = YES;
				COPY_PHASE_STRIP = NO;
				DEBUG_INFORMATION_FORMAT = dwarf;
				ENABLE_STRICT_OBJC_MSGSEND = YES;
				ENABLE_TESTABILITY = YES;
				GCC_C_LANGUAGE_STANDARD = gnu11;
				GCC_DYNAMIC_NO_PIC = NO;
				GCC_NO_COMMON_BLOCKS = YES;
				GCC_OPTIMIZATION_LEVEL = 0;
				GCC_PREPROCESSOR_DEFINITIONS = (
					"DEBUG=1",
					"$(inherited)",
				);
				GCC_WARN_64_TO_32_BIT_CONVERSION = YES;
				GCC_WARN_ABOUT_RETURN_TYPE = YES_ERROR;
				GCC_WARN_UNDECLARED_SELECTOR = YES;
				GCC_WARN_UNINITIALIZED_AUTOS = YES_AGGRESSIVE;
				GCC_WARN_UNUSED_FUNCTION = YES;
				GCC_WARN_UNUSED_VARIABLE = YES;
				IPHONEOS_DEPLOYMENT_TARGET = 14.3;
				MTL_ENABLE_DEBUG_INFO = INCLUDE_SOURCE;
				MTL_FAST_MATH = YES;
				ONLY_ACTIVE_ARCH = YES;
				SDKROOT = iphoneos;
				SWIFT_ACTIVE_COMPILATION_CONDITIONS = DEBUG;
				SWIFT_OPTIMIZATION_LEVEL = "-Onone";
			};
			name = Debug;
		};
		43E42F0F25C03D5100978621 /* Release */ = {
			isa = XCBuildConfiguration;
			buildSettings = {
				ALWAYS_SEARCH_USER_PATHS = NO;
				CLANG_ANALYZER_NONNULL = YES;
				CLANG_ANALYZER_NUMBER_OBJECT_CONVERSION = YES_AGGRESSIVE;
				CLANG_CXX_LANGUAGE_STANDARD = "gnu++14";
				CLANG_CXX_LIBRARY = "libc++";
				CLANG_ENABLE_MODULES = YES;
				CLANG_ENABLE_OBJC_ARC = YES;
				CLANG_ENABLE_OBJC_WEAK = YES;
				CLANG_WARN_BLOCK_CAPTURE_AUTORELEASING = YES;
				CLANG_WARN_BOOL_CONVERSION = YES;
				CLANG_WARN_COMMA = YES;
				CLANG_WARN_CONSTANT_CONVERSION = YES;
				CLANG_WARN_DEPRECATED_OBJC_IMPLEMENTATIONS = YES;
				CLANG_WARN_DIRECT_OBJC_ISA_USAGE = YES_ERROR;
				CLANG_WARN_DOCUMENTATION_COMMENTS = YES;
				CLANG_WARN_EMPTY_BODY = YES;
				CLANG_WARN_ENUM_CONVERSION = YES;
				CLANG_WARN_INFINITE_RECURSION = YES;
				CLANG_WARN_INT_CONVERSION = YES;
				CLANG_WARN_NON_LITERAL_NULL_CONVERSION = YES;
				CLANG_WARN_OBJC_IMPLICIT_RETAIN_SELF = YES;
				CLANG_WARN_OBJC_LITERAL_CONVERSION = YES;
				CLANG_WARN_OBJC_ROOT_CLASS = YES_ERROR;
				CLANG_WARN_QUOTED_INCLUDE_IN_FRAMEWORK_HEADER = YES;
				CLANG_WARN_RANGE_LOOP_ANALYSIS = YES;
				CLANG_WARN_STRICT_PROTOTYPES = YES;
				CLANG_WARN_SUSPICIOUS_MOVE = YES;
				CLANG_WARN_UNGUARDED_AVAILABILITY = YES_AGGRESSIVE;
				CLANG_WARN_UNREACHABLE_CODE = YES;
				CLANG_WARN__DUPLICATE_METHOD_MATCH = YES;
				COPY_PHASE_STRIP = NO;
				DEBUG_INFORMATION_FORMAT = "dwarf-with-dsym";
				ENABLE_NS_ASSERTIONS = NO;
				ENABLE_STRICT_OBJC_MSGSEND = YES;
				GCC_C_LANGUAGE_STANDARD = gnu11;
				GCC_NO_COMMON_BLOCKS = YES;
				GCC_WARN_64_TO_32_BIT_CONVERSION = YES;
				GCC_WARN_ABOUT_RETURN_TYPE = YES_ERROR;
				GCC_WARN_UNDECLARED_SELECTOR = YES;
				GCC_WARN_UNINITIALIZED_AUTOS = YES_AGGRESSIVE;
				GCC_WARN_UNUSED_FUNCTION = YES;
				GCC_WARN_UNUSED_VARIABLE = YES;
				IPHONEOS_DEPLOYMENT_TARGET = 14.3;
				MTL_ENABLE_DEBUG_INFO = NO;
				MTL_FAST_MATH = YES;
				SDKROOT = iphoneos;
				SWIFT_COMPILATION_MODE = wholemodule;
				SWIFT_OPTIMIZATION_LEVEL = "-O";
				VALIDATE_PRODUCT = YES;
			};
			name = Release;
		};
		43E42F1125C03D5100978621 /* Debug */ = {
			isa = XCBuildConfiguration;
			buildSettings = {
				ASSETCATALOG_COMPILER_APPICON_NAME = AppIcon;
				ASSETCATALOG_COMPILER_GLOBAL_ACCENT_COLOR_NAME = AccentColor;
				CODE_SIGN_STYLE = Automatic;
				DEVELOPMENT_TEAM = UFX6P6N6ZW;
				INFOPLIST_FILE = Exchange/Info.plist;
				LD_RUNPATH_SEARCH_PATHS = (
					"$(inherited)",
					"@executable_path/Frameworks",
				);
				PRODUCT_BUNDLE_IDENTIFIER = jy.Exchange;
				PRODUCT_NAME = "$(TARGET_NAME)";
				SWIFT_VERSION = 5.0;
				TARGETED_DEVICE_FAMILY = "1,2";
			};
			name = Debug;
		};
		43E42F1225C03D5100978621 /* Release */ = {
			isa = XCBuildConfiguration;
			buildSettings = {
				ASSETCATALOG_COMPILER_APPICON_NAME = AppIcon;
				ASSETCATALOG_COMPILER_GLOBAL_ACCENT_COLOR_NAME = AccentColor;
				CODE_SIGN_STYLE = Automatic;
				DEVELOPMENT_TEAM = UFX6P6N6ZW;
				INFOPLIST_FILE = Exchange/Info.plist;
				LD_RUNPATH_SEARCH_PATHS = (
					"$(inherited)",
					"@executable_path/Frameworks",
				);
				PRODUCT_BUNDLE_IDENTIFIER = jy.Exchange;
				PRODUCT_NAME = "$(TARGET_NAME)";
				SWIFT_VERSION = 5.0;
				TARGETED_DEVICE_FAMILY = "1,2";
			};
			name = Release;
		};
/* End XCBuildConfiguration section */

/* Begin XCConfigurationList section */
		43E42EF725C03D5000978621 /* Build configuration list for PBXProject "Exchange" */ = {
			isa = XCConfigurationList;
			buildConfigurations = (
				43E42F0E25C03D5100978621 /* Debug */,
				43E42F0F25C03D5100978621 /* Release */,
			);
			defaultConfigurationIsVisible = 0;
			defaultConfigurationName = Release;
		};
		43E42F1025C03D5100978621 /* Build configuration list for PBXNativeTarget "Exchange" */ = {
			isa = XCConfigurationList;
			buildConfigurations = (
				43E42F1125C03D5100978621 /* Debug */,
				43E42F1225C03D5100978621 /* Release */,
			);
			defaultConfigurationIsVisible = 0;
			defaultConfigurationName = Release;
		};
/* End XCConfigurationList section */
	};
	rootObject = 43E42EF425C03D5000978621 /* Project object */;
}
